
Microsoft Visual Studio Solution File, Format Version 12.00
Project("{FAE04EC0-301F-11D3-BF4B-00C04F79EFBC}") = "ThisMod", "ThisMod.csproj", "{76998F78-CACB-4DEF-88CF-ACD6866D81D1}"
EndProject
Global
	GlobalSection(SolutionConfigurationPlatforms) = preSolution
		Debug|Any CPU = Debug|Any CPU
		Release|Any CPU = Release|Any CPU
		Custom|x64 = Custom|x64
	EndGlobalSection
	GlobalSection(ProjectConfigurationPlatforms) = postSolution
		{76998F78-CACB-4DEF-88CF-ACD6866D81D1}.Debug|Any CPU.ActiveCfg = Custom|x64
		{76998F78-CACB-4DEF-88CF-ACD6866D81D1}.Debug|Any CPU.Build.0 = Custom|x64
		{76998F78-CACB-4DEF-88CF-ACD6866D81D1}.Debug|Any CPU.Deploy.0 = Custom|x64
		{76998F78-CACB-4DEF-88CF-ACD6866D81D1}.Release|Any CPU.ActiveCfg = Custom|x64
		{76998F78-CACB-4DEF-88CF-ACD6866D81D1}.Release|Any CPU.Build.0 = Custom|x64
		{76998F78-CACB-4DEF-88CF-ACD6866D81D1}.Custom|x64.ActiveCfg = Custom|x64
		{76998F78-CACB-4DEF-88CF-ACD6866D81D1}.Custom|x64.Build.0 = Custom|x64
	EndGlobalSection
EndGlobal
